
Microsoft Visual Studio Solution File, Format Version 12.00
# Visual Studio 15
VisualStudioVersion = 15.0.28307.489
MinimumVisualStudioVersion = 10.0.40219.1
Project("{FAE04EC0-301F-11D3-BF4B-00C04F79EFBC}") = "Book Management System", "Book Management System\Book Management System.csproj", "{78444E45-03AD-4511-A441-8D580E17B031}"
EndProject
Global
	GlobalSection(SolutionConfigurationPlatforms) = preSolution
		Debug|Any CPU = Debug|Any CPU
		Release|Any CPU = Release|Any CPU
	EndGlobalSection
	GlobalSection(ProjectConfigurationPlatforms) = postSolution
		{78444E45-03AD-4511-A441-8D580E17B031}.Debug|Any CPU.ActiveCfg = Debug|Any CPU
		{78444E45-03AD-4511-A441-8D580E17B031}.Debug|Any CPU.Build.0 = Debug|Any CPU
		{78444E45-03AD-4511-A441-8D580E17B031}.Release|Any CPU.ActiveCfg = Release|Any CPU
		{78444E45-03AD-4511-A441-8D580E17B031}.Release|Any CPU.Build.0 = Release|Any CPU
	EndGlobalSection
	GlobalSection(SolutionProperties) = preSolution
		HideSolutionNode = FALSE
	EndGlobalSection
	GlobalSection(ExtensibilityGlobals) = postSolution
		SolutionGuid = {B9CBF6E8-4677-45E5-8FFA-40326142749A}
	EndGlobalSection
EndGlobal
