
Microsoft Visual Studio Solution File, Format Version 12.00
# Visual Studio 15
VisualStudioVersion = 15.0.27130.2010
MinimumVisualStudioVersion = 10.0.40219.1
Project("{FAE04EC0-301F-11D3-BF4B-00C04F79EFBC}") = "BookLibraryManager", "BookLibraryManager\BookLibraryManager.csproj", "{255895B7-A6AA-4DD9-A917-6025DADF0403}"
EndProject
Project("{FAE04EC0-301F-11D3-BF4B-00C04F79EFBC}") = "TestLibrary", "TestLibrary\TestLibrary.csproj", "{5E2C95B3-8963-4C7B-A09A-373C8641FBC1}"
EndProject
Global
	GlobalSection(SolutionConfigurationPlatforms) = preSolution
		Debug|Any CPU = Debug|Any CPU
		Release|Any CPU = Release|Any CPU
	EndGlobalSection
	GlobalSection(ProjectConfigurationPlatforms) = postSolution
		{255895B7-A6AA-4DD9-A917-6025DADF0403}.Debug|Any CPU.ActiveCfg = Debug|Any CPU
		{255895B7-A6AA-4DD9-A917-6025DADF0403}.Debug|Any CPU.Build.0 = Debug|Any CPU
		{255895B7-A6AA-4DD9-A917-6025DADF0403}.Release|Any CPU.ActiveCfg = Release|Any CPU
		{255895B7-A6AA-4DD9-A917-6025DADF0403}.Release|Any CPU.Build.0 = Release|Any CPU
		{5E2C95B3-8963-4C7B-A09A-373C8641FBC1}.Debug|Any CPU.ActiveCfg = Debug|Any CPU
		{5E2C95B3-8963-4C7B-A09A-373C8641FBC1}.Debug|Any CPU.Build.0 = Debug|Any CPU
		{5E2C95B3-8963-4C7B-A09A-373C8641FBC1}.Release|Any CPU.ActiveCfg = Release|Any CPU
		{5E2C95B3-8963-4C7B-A09A-373C8641FBC1}.Release|Any CPU.Build.0 = Release|Any CPU
	EndGlobalSection
	GlobalSection(SolutionProperties) = preSolution
		HideSolutionNode = FALSE
	EndGlobalSection
	GlobalSection(ExtensibilityGlobals) = postSolution
		SolutionGuid = {9112ADD5-2E65-47F1-8354-89C3D6CEA2C4}
	EndGlobalSection
EndGlobal
