
Microsoft Visual Studio Solution File, Format Version 12.00
# Visual Studio 15
VisualStudioVersion = 15.0.28010.2048
MinimumVisualStudioVersion = 10.0.40219.1
Project("{FAE04EC0-301F-11D3-BF4B-00C04F79EFBC}") = "数字排序", "数字排序\数字排序.csproj", "{F7D63D5C-4960-4863-A3FD-FFDBA3C5CB43}"
EndProject
Global
	GlobalSection(SolutionConfigurationPlatforms) = preSolution
		Debug|Any CPU = Debug|Any CPU
		Release|Any CPU = Release|Any CPU
	EndGlobalSection
	GlobalSection(ProjectConfigurationPlatforms) = postSolution
		{F7D63D5C-4960-4863-A3FD-FFDBA3C5CB43}.Debug|Any CPU.ActiveCfg = Debug|Any CPU
		{F7D63D5C-4960-4863-A3FD-FFDBA3C5CB43}.Debug|Any CPU.Build.0 = Debug|Any CPU
		{F7D63D5C-4960-4863-A3FD-FFDBA3C5CB43}.Release|Any CPU.ActiveCfg = Release|Any CPU
		{F7D63D5C-4960-4863-A3FD-FFDBA3C5CB43}.Release|Any CPU.Build.0 = Release|Any CPU
	EndGlobalSection
	GlobalSection(SolutionProperties) = preSolution
		HideSolutionNode = FALSE
	EndGlobalSection
	GlobalSection(ExtensibilityGlobals) = postSolution
		SolutionGuid = {45D99744-0821-4F9B-BD5F-D5B1191A9C2D}
	EndGlobalSection
EndGlobal
