
Microsoft Visual Studio Solution File, Format Version 12.00
# Visual Studio 15
VisualStudioVersion = 15.0.28307.421
MinimumVisualStudioVersion = 10.0.40219.1
Project("{FAE04EC0-301F-11D3-BF4B-00C04F79EFBC}") = "控制台实现加减乘除计算", "控制台实现加减乘除计算\控制台实现加减乘除计算.csproj", "{885290EC-F8DE-4633-B73B-EFE70F7C8A6B}"
EndProject
Global
	GlobalSection(SolutionConfigurationPlatforms) = preSolution
		Debug|Any CPU = Debug|Any CPU
		Release|Any CPU = Release|Any CPU
	EndGlobalSection
	GlobalSection(ProjectConfigurationPlatforms) = postSolution
		{885290EC-F8DE-4633-B73B-EFE70F7C8A6B}.Debug|Any CPU.ActiveCfg = Debug|Any CPU
		{885290EC-F8DE-4633-B73B-EFE70F7C8A6B}.Debug|Any CPU.Build.0 = Debug|Any CPU
		{885290EC-F8DE-4633-B73B-EFE70F7C8A6B}.Release|Any CPU.ActiveCfg = Release|Any CPU
		{885290EC-F8DE-4633-B73B-EFE70F7C8A6B}.Release|Any CPU.Build.0 = Release|Any CPU
	EndGlobalSection
	GlobalSection(SolutionProperties) = preSolution
		HideSolutionNode = FALSE
	EndGlobalSection
	GlobalSection(ExtensibilityGlobals) = postSolution
		SolutionGuid = {95E9AD2D-AF37-4291-9E43-C3FE5739D935}
	EndGlobalSection
EndGlobal
