
Microsoft Visual Studio Solution File, Format Version 12.00
# Visual Studio 15
VisualStudioVersion = 15.0.28307.438
MinimumVisualStudioVersion = 10.0.40219.1
Project("{FAE04EC0-301F-11D3-BF4B-00C04F79EFBC}") = "用递归方法实现n的阶乘", "用递归方法实现n的阶乘\用递归方法实现n的阶乘.csproj", "{84041D67-C977-4203-8716-21F876E0D11E}"
EndProject
Global
	GlobalSection(SolutionConfigurationPlatforms) = preSolution
		Debug|Any CPU = Debug|Any CPU
		Release|Any CPU = Release|Any CPU
	EndGlobalSection
	GlobalSection(ProjectConfigurationPlatforms) = postSolution
		{84041D67-C977-4203-8716-21F876E0D11E}.Debug|Any CPU.ActiveCfg = Debug|Any CPU
		{84041D67-C977-4203-8716-21F876E0D11E}.Debug|Any CPU.Build.0 = Debug|Any CPU
		{84041D67-C977-4203-8716-21F876E0D11E}.Release|Any CPU.ActiveCfg = Release|Any CPU
		{84041D67-C977-4203-8716-21F876E0D11E}.Release|Any CPU.Build.0 = Release|Any CPU
	EndGlobalSection
	GlobalSection(SolutionProperties) = preSolution
		HideSolutionNode = FALSE
	EndGlobalSection
	GlobalSection(ExtensibilityGlobals) = postSolution
		SolutionGuid = {610C3752-B8FC-4427-B577-E6CE8928AB2E}
	EndGlobalSection
EndGlobal
