
Microsoft Visual Studio Solution File, Format Version 12.00
# Visual Studio 15
VisualStudioVersion = 15.0.28307.421
MinimumVisualStudioVersion = 10.0.40219.1
Project("{FAE04EC0-301F-11D3-BF4B-00C04F79EFBC}") = "冒泡法排序", "冒泡法排序\冒泡法排序.csproj", "{AFE06544-6D87-4524-AD16-556A90623C15}"
EndProject
Global
	GlobalSection(SolutionConfigurationPlatforms) = preSolution
		Debug|Any CPU = Debug|Any CPU
		Release|Any CPU = Release|Any CPU
	EndGlobalSection
	GlobalSection(ProjectConfigurationPlatforms) = postSolution
		{AFE06544-6D87-4524-AD16-556A90623C15}.Debug|Any CPU.ActiveCfg = Debug|Any CPU
		{AFE06544-6D87-4524-AD16-556A90623C15}.Debug|Any CPU.Build.0 = Debug|Any CPU
		{AFE06544-6D87-4524-AD16-556A90623C15}.Release|Any CPU.ActiveCfg = Release|Any CPU
		{AFE06544-6D87-4524-AD16-556A90623C15}.Release|Any CPU.Build.0 = Release|Any CPU
	EndGlobalSection
	GlobalSection(SolutionProperties) = preSolution
		HideSolutionNode = FALSE
	EndGlobalSection
	GlobalSection(ExtensibilityGlobals) = postSolution
		SolutionGuid = {F3D29CF9-0841-46F2-A64D-F8B840A9ED2D}
	EndGlobalSection
EndGlobal
