
Microsoft Visual Studio Solution File, Format Version 12.00
# Visual Studio 2012
Project("{FAE04EC0-301F-11D3-BF4B-00C04F79EFBC}") = "2 控制台输出九九乘法表", "2 控制台输出九九乘法表\2 控制台输出九九乘法表.csproj", "{C67F3C80-6BFB-47E8-9CAA-878320DD9721}"
EndProject
Global
	GlobalSection(SolutionConfigurationPlatforms) = preSolution
		Debug|Any CPU = Debug|Any CPU
		Release|Any CPU = Release|Any CPU
	EndGlobalSection
	GlobalSection(ProjectConfigurationPlatforms) = postSolution
		{C67F3C80-6BFB-47E8-9CAA-878320DD9721}.Debug|Any CPU.ActiveCfg = Debug|Any CPU
		{C67F3C80-6BFB-47E8-9CAA-878320DD9721}.Debug|Any CPU.Build.0 = Debug|Any CPU
		{C67F3C80-6BFB-47E8-9CAA-878320DD9721}.Release|Any CPU.ActiveCfg = Release|Any CPU
		{C67F3C80-6BFB-47E8-9CAA-878320DD9721}.Release|Any CPU.Build.0 = Release|Any CPU
	EndGlobalSection
	GlobalSection(SolutionProperties) = preSolution
		HideSolutionNode = FALSE
	EndGlobalSection
EndGlobal
