
Microsoft Visual Studio Solution File, Format Version 12.00
# Visual Studio 15
VisualStudioVersion = 15.0.28010.2048
MinimumVisualStudioVersion = 10.0.40219.1
Project("{FAE04EC0-301F-11D3-BF4B-00C04F79EFBC}") = "阶乘", "阶乘\阶乘.csproj", "{D2DFBFA4-6CC0-4127-A63B-A531A00B98C0}"
EndProject
Global
	GlobalSection(SolutionConfigurationPlatforms) = preSolution
		Debug|Any CPU = Debug|Any CPU
		Release|Any CPU = Release|Any CPU
	EndGlobalSection
	GlobalSection(ProjectConfigurationPlatforms) = postSolution
		{D2DFBFA4-6CC0-4127-A63B-A531A00B98C0}.Debug|Any CPU.ActiveCfg = Debug|Any CPU
		{D2DFBFA4-6CC0-4127-A63B-A531A00B98C0}.Debug|Any CPU.Build.0 = Debug|Any CPU
		{D2DFBFA4-6CC0-4127-A63B-A531A00B98C0}.Release|Any CPU.ActiveCfg = Release|Any CPU
		{D2DFBFA4-6CC0-4127-A63B-A531A00B98C0}.Release|Any CPU.Build.0 = Release|Any CPU
	EndGlobalSection
	GlobalSection(SolutionProperties) = preSolution
		HideSolutionNode = FALSE
	EndGlobalSection
	GlobalSection(ExtensibilityGlobals) = postSolution
		SolutionGuid = {115B3CA4-9C86-4E7A-A15A-30246AE478FB}
	EndGlobalSection
EndGlobal
