
Microsoft Visual Studio Solution File, Format Version 12.00
# Visual Studio 2012
Project("{FAE04EC0-301F-11D3-BF4B-00C04F79EFBC}") = "3 控制台实现加减乘除运算", "3 控制台实现加减乘除运算\3 控制台实现加减乘除运算.csproj", "{D1A02AE4-9C11-4F48-B226-8D54E50BF689}"
EndProject
Global
	GlobalSection(SolutionConfigurationPlatforms) = preSolution
		Debug|Any CPU = Debug|Any CPU
		Release|Any CPU = Release|Any CPU
	EndGlobalSection
	GlobalSection(ProjectConfigurationPlatforms) = postSolution
		{D1A02AE4-9C11-4F48-B226-8D54E50BF689}.Debug|Any CPU.ActiveCfg = Debug|Any CPU
		{D1A02AE4-9C11-4F48-B226-8D54E50BF689}.Debug|Any CPU.Build.0 = Debug|Any CPU
		{D1A02AE4-9C11-4F48-B226-8D54E50BF689}.Release|Any CPU.ActiveCfg = Release|Any CPU
		{D1A02AE4-9C11-4F48-B226-8D54E50BF689}.Release|Any CPU.Build.0 = Release|Any CPU
	EndGlobalSection
	GlobalSection(SolutionProperties) = preSolution
		HideSolutionNode = FALSE
	EndGlobalSection
EndGlobal
