
Microsoft Visual Studio Solution File, Format Version 12.00
# Visual Studio 15
VisualStudioVersion = 15.0.28307.438
MinimumVisualStudioVersion = 10.0.40219.1
Project("{FAE04EC0-301F-11D3-BF4B-00C04F79EFBC}") = "20190316输出乘法表", "20190316输出乘法表\20190316输出乘法表.csproj", "{5CA40232-0E83-4555-9E4F-58097117C79F}"
EndProject
Global
	GlobalSection(SolutionConfigurationPlatforms) = preSolution
		Debug|Any CPU = Debug|Any CPU
		Release|Any CPU = Release|Any CPU
	EndGlobalSection
	GlobalSection(ProjectConfigurationPlatforms) = postSolution
		{5CA40232-0E83-4555-9E4F-58097117C79F}.Debug|Any CPU.ActiveCfg = Debug|Any CPU
		{5CA40232-0E83-4555-9E4F-58097117C79F}.Debug|Any CPU.Build.0 = Debug|Any CPU
		{5CA40232-0E83-4555-9E4F-58097117C79F}.Release|Any CPU.ActiveCfg = Release|Any CPU
		{5CA40232-0E83-4555-9E4F-58097117C79F}.Release|Any CPU.Build.0 = Release|Any CPU
	EndGlobalSection
	GlobalSection(SolutionProperties) = preSolution
		HideSolutionNode = FALSE
	EndGlobalSection
	GlobalSection(ExtensibilityGlobals) = postSolution
		SolutionGuid = {FBC0253E-6F88-4D32-8F26-C1F0F1CF759C}
	EndGlobalSection
EndGlobal
