
Microsoft Visual Studio Solution File, Format Version 12.00
# Visual Studio 2012
Project("{FAE04EC0-301F-11D3-BF4B-00C04F79EFBC}") = "5 实现数字排序", "5 实现数字排序\5 实现数字排序.csproj", "{D91735CC-DA21-4968-8ED7-10C5B432A987}"
EndProject
Global
	GlobalSection(SolutionConfigurationPlatforms) = preSolution
		Debug|Any CPU = Debug|Any CPU
		Release|Any CPU = Release|Any CPU
	EndGlobalSection
	GlobalSection(ProjectConfigurationPlatforms) = postSolution
		{D91735CC-DA21-4968-8ED7-10C5B432A987}.Debug|Any CPU.ActiveCfg = Debug|Any CPU
		{D91735CC-DA21-4968-8ED7-10C5B432A987}.Debug|Any CPU.Build.0 = Debug|Any CPU
		{D91735CC-DA21-4968-8ED7-10C5B432A987}.Release|Any CPU.ActiveCfg = Release|Any CPU
		{D91735CC-DA21-4968-8ED7-10C5B432A987}.Release|Any CPU.Build.0 = Release|Any CPU
	EndGlobalSection
	GlobalSection(SolutionProperties) = preSolution
		HideSolutionNode = FALSE
	EndGlobalSection
EndGlobal
